// !$*UTF8*$!
{
	archiveVersion = 1;
	classes = {
	};
	objectVersion = 46;
	objects = {

/* Begin PBXBuildFile section */
		1B4789AF1E6ED1A900031CDB /* AppDelegate.swift in Sources */ = {isa = PBXBuildFile; fileRef = 1B4789AE1E6ED1A900031CDB /* AppDelegate.swift */; };
		1B4789B11E6ED1A900031CDB /* PhotoListVC.swift in Sources */ = {isa = PBXBuildFile; fileRef = 1B4789B01E6ED1A900031CDB /* PhotoListVC.swift */; };
		1B4789B41E6ED1A900031CDB /* Main.storyboard in Resources */ = {isa = PBXBuildFile; fileRef = 1B4789B21E6ED1A900031CDB /* Main.storyboard */; };
		1B4789B61E6ED1A900031CDB /* Assets.xcassets in Resources */ = {isa = PBXBuildFile; fileRef = 1B4789B51E6ED1A900031CDB /* Assets.xcassets */; };
		1B4789B91E6ED1AA00031CDB /* LaunchScreen.storyboard in Resources */ = {isa = PBXBuildFile; fileRef = 1B4789B71E6ED1AA00031CDB /* LaunchScreen.storyboard */; };
		1B4789C11E70082900031CDB /* UIImageExtensions.swift in Sources */ = {isa = PBXBuildFile; fileRef = 1B4789C01E70082900031CDB /* UIImageExtensions.swift */; };
		1B4789C51E70156400031CDB /* PhotoCell.swift in Sources */ = {isa = PBXBuildFile; fileRef = 1B4789C41E70156400031CDB /* PhotoCell.swift */; };
		1B4789C81E70458700031CDB /* Models.swift in Sources */ = {isa = PBXBuildFile; fileRef = 1B4789C71E70458700031CDB /* Models.swift */; };
		1B4789CA1E70706E00031CDB /* PhotoDetailsVC.swift in Sources */ = {isa = PBXBuildFile; fileRef = 1B4789C91E70706E00031CDB /* PhotoDetailsVC.swift */; };
		1B4789CF1E71AE0800031CDB /* OriginalPhotoVC.swift in Sources */ = {isa = PBXBuildFile; fileRef = 1B4789CE1E71AE0800031CDB /* OriginalPhotoVC.swift */; };
		1BA3150C1E6F385B0059A2F5 /* DictionaryExtensions.swift in Sources */ = {isa = PBXBuildFile; fileRef = 1BA3150B1E6F385B0059A2F5 /* DictionaryExtensions.swift */; };
		1BA3150F1E6F47900059A2F5 /* RequestManager.swift in Sources */ = {isa = PBXBuildFile; fileRef = 1BA3150E1E6F47900059A2F5 /* RequestManager.swift */; };
		1BA315121E6F47A80059A2F5 /* RequestClient.swift in Sources */ = {isa = PBXBuildFile; fileRef = 1BA315111E6F47A80059A2F5 /* RequestClient.swift */; };
		1BA315141E708CC50059A2F5 /* UIViewExtensions.swift in Sources */ = {isa = PBXBuildFile; fileRef = 1BA315131E708CC50059A2F5 /* UIViewExtensions.swift */; };
/* End PBXBuildFile section */

/* Begin PBXFileReference section */
		1B4789AB1E6ED1A900031CDB /* FlickrTest.app */ = {isa = PBXFileReference; explicitFileType = wrapper.application; includeInIndex = 0; path = FlickrTest.app; sourceTree = BUILT_PRODUCTS_DIR; };
		1B4789AE1E6ED1A900031CDB /* AppDelegate.swift */ = {isa = PBXFileReference; lastKnownFileType = sourcecode.swift; path = AppDelegate.swift; sourceTree = "<group>"; };
		1B4789B01E6ED1A900031CDB /* PhotoListVC.swift */ = {isa = PBXFileReference; lastKnownFileType = sourcecode.swift; path = PhotoListVC.swift; sourceTree = "<group>"; };
		1B4789B31E6ED1A900031CDB /* Base */ = {isa = PBXFileReference; lastKnownFileType = file.storyboard; name = Base; path = Base.lproj/Main.storyboard; sourceTree = "<group>"; };
		1B4789B51E6ED1A900031CDB /* Assets.xcassets */ = {isa = PBXFileReference; lastKnownFileType = folder.assetcatalog; path = Assets.xcassets; sourceTree = "<group>"; };
		1B4789B81E6ED1AA00031CDB /* Base */ = {isa = PBXFileReference; lastKnownFileType = file.storyboard; name = Base; path = Base.lproj/LaunchScreen.storyboard; sourceTree = "<group>"; };
		1B4789BA1E6ED1AA00031CDB /* Info.plist */ = {isa = PBXFileReference; lastKnownFileType = text.plist.xml; path = Info.plist; sourceTree = "<group>"; };
		1B4789C01E70082900031CDB /* UIImageExtensions.swift */ = {isa = PBXFileReference; fileEncoding = 4; lastKnownFileType = sourcecode.swift; path = UIImageExtensions.swift; sourceTree = "<group>"; };
		1B4789C41E70156400031CDB /* PhotoCell.swift */ = {isa = PBXFileReference; fileEncoding = 4; lastKnownFileType = sourcecode.swift; path = PhotoCell.swift; sourceTree = "<group>"; };
		1B4789C71E70458700031CDB /* Models.swift */ = {isa = PBXFileReference; fileEncoding = 4; lastKnownFileType = sourcecode.swift; path = Models.swift; sourceTree = "<group>"; };
		1B4789C91E70706E00031CDB /* PhotoDetailsVC.swift */ = {isa = PBXFileReference; fileEncoding = 4; lastKnownFileType = sourcecode.swift; path = PhotoDetailsVC.swift; sourceTree = "<group>"; };
		1B4789CE1E71AE0800031CDB /* OriginalPhotoVC.swift */ = {isa = PBXFileReference; fileEncoding = 4; lastKnownFileType = sourcecode.swift; path = OriginalPhotoVC.swift; sourceTree = "<group>"; };
		1BA3150B1E6F385B0059A2F5 /* DictionaryExtensions.swift */ = {isa = PBXFileReference; fileEncoding = 4; lastKnownFileType = sourcecode.swift; path = DictionaryExtensions.swift; sourceTree = "<group>"; };
		1BA3150E1E6F47900059A2F5 /* RequestManager.swift */ = {isa = PBXFileReference; fileEncoding = 4; lastKnownFileType = sourcecode.swift; path = RequestManager.swift; sourceTree = "<group>"; };
		1BA315111E6F47A80059A2F5 /* RequestClient.swift */ = {isa = PBXFileReference; fileEncoding = 4; lastKnownFileType = sourcecode.swift; path = RequestClient.swift; sourceTree = "<group>"; };
		1BA315131E708CC50059A2F5 /* UIViewExtensions.swift */ = {isa = PBXFileReference; fileEncoding = 4; lastKnownFileType = sourcecode.swift; path = UIViewExtensions.swift; sourceTree = "<group>"; };
/* End PBXFileReference section */

/* Begin PBXFrameworksBuildPhase section */
		1B4789A81E6ED1A900031CDB /* Frameworks */ = {
			isa = PBXFrameworksBuildPhase;
			buildActionMask = 2147483647;
			files = (
			);
			runOnlyForDeploymentPostprocessing = 0;
		};
/* End PBXFrameworksBuildPhase section */

/* Begin PBXGroup section */
		1B4789A21E6ED1A900031CDB = {
			isa = PBXGroup;
			children = (
				1B4789AD1E6ED1A900031CDB /* FlickrTest */,
				1B4789AC1E6ED1A900031CDB /* Products */,
			);
			sourceTree = "<group>";
		};
		1B4789AC1E6ED1A900031CDB /* Products */ = {
			isa = PBXGroup;
			children = (
				1B4789AB1E6ED1A900031CDB /* FlickrTest.app */,
			);
			name = Products;
			sourceTree = "<group>";
		};
		1B4789AD1E6ED1A900031CDB /* FlickrTest */ = {
			isa = PBXGroup;
			children = (
				1BA315151E70C8340059A2F5 /* View Controllers */,
				1B4789C61E70457A00031CDB /* Models */,
				1B4789C21E70152500031CDB /* Views */,
				1BA3150D1E6F47800059A2F5 /* API */,
				1BA3150A1E6F38420059A2F5 /* Extensions */,
				1B4789AE1E6ED1A900031CDB /* AppDelegate.swift */,
				1B4789B21E6ED1A900031CDB /* Main.storyboard */,
				1B4789B51E6ED1A900031CDB /* Assets.xcassets */,
				1B4789B71E6ED1AA00031CDB /* LaunchScreen.storyboard */,
				1B4789BA1E6ED1AA00031CDB /* Info.plist */,
			);
			path = FlickrTest;
			sourceTree = "<group>";
		};
		1B4789C21E70152500031CDB /* Views */ = {
			isa = PBXGroup;
			children = (
				1B4789C31E70152D00031CDB /* Collection Cells */,
			);
			name = Views;
			sourceTree = "<group>";
		};
		1B4789C31E70152D00031CDB /* Collection Cells */ = {
			isa = PBXGroup;
			children = (
				1B4789C41E70156400031CDB /* PhotoCell.swift */,
			);
			name = "Collection Cells";
			sourceTree = "<group>";
		};
		1B4789C61E70457A00031CDB /* Models */ = {
			isa = PBXGroup;
			children = (
				1B4789C71E70458700031CDB /* Models.swift */,
			);
			name = Models;
			sourceTree = "<group>";
		};
		1BA3150A1E6F38420059A2F5 /* Extensions */ = {
			isa = PBXGroup;
			children = (
				1BA3150B1E6F385B0059A2F5 /* DictionaryExtensions.swift */,
				1B4789C01E70082900031CDB /* UIImageExtensions.swift */,
				1BA315131E708CC50059A2F5 /* UIViewExtensions.swift */,
			);
			name = Extensions;
			sourceTree = "<group>";
		};
		1BA3150D1E6F47800059A2F5 /* API */ = {
			isa = PBXGroup;
			children = (
				1BA3150E1E6F47900059A2F5 /* RequestManager.swift */,
				1BA315111E6F47A80059A2F5 /* RequestClient.swift */,
			);
			name = API;
			sourceTree = "<group>";
		};
		1BA315151E70C8340059A2F5 /* View Controllers */ = {
			isa = PBXGroup;
			children = (
				1B4789C91E70706E00031CDB /* PhotoDetailsVC.swift */,
				1B4789B01E6ED1A900031CDB /* PhotoListVC.swift */,
				1B4789CE1E71AE0800031CDB /* OriginalPhotoVC.swift */,
			);
			name = "View Controllers";
			sourceTree = "<group>";
		};
/* End PBXGroup section */

/* Begin PBXNativeTarget section */
		1B4789AA1E6ED1A900031CDB /* FlickrTest */ = {
			isa = PBXNativeTarget;
			buildConfigurationList = 1B4789BD1E6ED1AA00031CDB /* Build configuration list for PBXNativeTarget "FlickrTest" */;
			buildPhases = (
				1B4789A71E6ED1A900031CDB /* Sources */,
				1B4789A81E6ED1A900031CDB /* Frameworks */,
				1B4789A91E6ED1A900031CDB /* Resources */,
			);
			buildRules = (
			);
			dependencies = (
			);
			name = FlickrTest;
			productName = FlickrTest;
			productReference = 1B4789AB1E6ED1A900031CDB /* FlickrTest.app */;
			productType = "com.apple.product-type.application";
		};
/* End PBXNativeTarget section */

/* Begin PBXProject section */
		1B4789A31E6ED1A900031CDB /* Project object */ = {
			isa = PBXProject;
			attributes = {
				LastSwiftUpdateCheck = 0820;
				LastUpgradeCheck = 0820;
				ORGANIZATIONNAME = "Flávio Silvério";
				TargetAttributes = {
					1B4789AA1E6ED1A900031CDB = {
						CreatedOnToolsVersion = 8.2.1;
						DevelopmentTeam = NXBHE32CVP;
						ProvisioningStyle = Automatic;
					};
				};
			};
			buildConfigurationList = 1B4789A61E6ED1A900031CDB /* Build configuration list for PBXProject "FlickrTest" */;
			compatibilityVersion = "Xcode 3.2";
			developmentRegion = English;
			hasScannedForEncodings = 0;
			knownRegions = (
				en,
				Base,
			);
			mainGroup = 1B4789A21E6ED1A900031CDB;
			productRefGroup = 1B4789AC1E6ED1A900031CDB /* Products */;
			projectDirPath = "";
			projectRoot = "";
			targets = (
				1B4789AA1E6ED1A900031CDB /* FlickrTest */,
			);
		};
/* End PBXProject section */

/* Begin PBXResourcesBuildPhase section */
		1B4789A91E6ED1A900031CDB /* Resources */ = {
			isa = PBXResourcesBuildPhase;
			buildActionMask = 2147483647;
			files = (
				1B4789B91E6ED1AA00031CDB /* LaunchScreen.storyboard in Resources */,
				1B4789B61E6ED1A900031CDB /* Assets.xcassets in Resources */,
				1B4789B41E6ED1A900031CDB /* Main.storyboard in Resources */,
			);
			runOnlyForDeploymentPostprocessing = 0;
		};
/* End PBXResourcesBuildPhase section */

/* Begin PBXSourcesBuildPhase section */
		1B4789A71E6ED1A900031CDB /* Sources */ = {
			isa = PBXSourcesBuildPhase;
			buildActionMask = 2147483647;
			files = (
				1B4789CF1E71AE0800031CDB /* OriginalPhotoVC.swift in Sources */,
				1B4789C51E70156400031CDB /* PhotoCell.swift in Sources */,
				1BA3150F1E6F47900059A2F5 /* RequestManager.swift in Sources */,
				1B4789B11E6ED1A900031CDB /* PhotoListVC.swift in Sources */,
				1B4789AF1E6ED1A900031CDB /* AppDelegate.swift in Sources */,
				1B4789CA1E70706E00031CDB /* PhotoDetailsVC.swift in Sources */,
				1B4789C11E70082900031CDB /* UIImageExtensions.swift in Sources */,
				1BA315141E708CC50059A2F5 /* UIViewExtensions.swift in Sources */,
				1B4789C81E70458700031CDB /* Models.swift in Sources */,
				1BA315121E6F47A80059A2F5 /* RequestClient.swift in Sources */,
				1BA3150C1E6F385B0059A2F5 /* DictionaryExtensions.swift in Sources */,
			);
			runOnlyForDeploymentPostprocessing = 0;
		};
/* End PBXSourcesBuildPhase section */

/* Begin PBXVariantGroup section */
		1B4789B21E6ED1A900031CDB /* Main.storyboard */ = {
			isa = PBXVariantGroup;
			children = (
				1B4789B31E6ED1A900031CDB /* Base */,
			);
			name = Main.storyboard;
			sourceTree = "<group>";
		};
		1B4789B71E6ED1AA00031CDB /* LaunchScreen.storyboard */ = {
			isa = PBXVariantGroup;
			children = (
				1B4789B81E6ED1AA00031CDB /* Base */,
			);
			name = LaunchScreen.storyboard;
			sourceTree = "<group>";
		};
/* End PBXVariantGroup section */

/* Begin XCBuildConfiguration section */
		1B4789BB1E6ED1AA00031CDB /* Debug */ = {
			isa = XCBuildConfiguration;
			buildSettings = {
				ALWAYS_SEARCH_USER_PATHS = NO;
				CLANG_ANALYZER_NONNULL = YES;
				CLANG_CXX_LANGUAGE_STANDARD = "gnu++0x";
				CLANG_CXX_LIBRARY = "libc++";
				CLANG_ENABLE_MODULES = YES;
				CLANG_ENABLE_OBJC_ARC = YES;
				CLANG_WARN_BOOL_CONVERSION = YES;
				CLANG_WARN_CONSTANT_CONVERSION = YES;
				CLANG_WARN_DIRECT_OBJC_ISA_USAGE = YES_ERROR;
				CLANG_WARN_DOCUMENTATION_COMMENTS = YES;
				CLANG_WARN_EMPTY_BODY = YES;
				CLANG_WARN_ENUM_CONVERSION = YES;
				CLANG_WARN_INFINITE_RECURSION = YES;
				CLANG_WARN_INT_CONVERSION = YES;
				CLANG_WARN_OBJC_ROOT_CLASS = YES_ERROR;
				CLANG_WARN_SUSPICIOUS_MOVE = YES;
				CLANG_WARN_UNREACHABLE_CODE = YES;
				CLANG_WARN__DUPLICATE_METHOD_MATCH = YES;
				"CODE_SIGN_IDENTITY[sdk=iphoneos*]" = "iPhone Developer";
				COPY_PHASE_STRIP = NO;
				DEBUG_INFORMATION_FORMAT = dwarf;
				ENABLE_STRICT_OBJC_MSGSEND = YES;
				ENABLE_TESTABILITY = YES;
				GCC_C_LANGUAGE_STANDARD = gnu99;
				GCC_DYNAMIC_NO_PIC = NO;
				GCC_NO_COMMON_BLOCKS = YES;
				GCC_OPTIMIZATION_LEVEL = 0;
				GCC_PREPROCESSOR_DEFINITIONS = (
					"DEBUG=1",
					"$(inherited)",
				);
				GCC_WARN_64_TO_32_BIT_CONVERSION = YES;
				GCC_WARN_ABOUT_RETURN_TYPE = YES_ERROR;
				GCC_WARN_UNDECLARED_SELECTOR = YES;
				GCC_WARN_UNINITIALIZED_AUTOS = YES_AGGRESSIVE;
				GCC_WARN_UNUSED_FUNCTION = YES;
				GCC_WARN_UNUSED_VARIABLE = YES;
				IPHONEOS_DEPLOYMENT_TARGET = 10.2;
				MTL_ENABLE_DEBUG_INFO = YES;
				ONLY_ACTIVE_ARCH = YES;
				SDKROOT = iphoneos;
				SWIFT_ACTIVE_COMPILATION_CONDITIONS = DEBUG;
				SWIFT_OPTIMIZATION_LEVEL = "-Onone";
				TARGETED_DEVICE_FAMILY = "1,2";
			};
			name = Debug;
		};
		1B4789BC1E6ED1AA00031CDB /* Release */ = {
			isa = XCBuildConfiguration;
			buildSettings = {
				ALWAYS_SEARCH_USER_PATHS = NO;
				CLANG_ANALYZER_NONNULL = YES;
				CLANG_CXX_LANGUAGE_STANDARD = "gnu++0x";
				CLANG_CXX_LIBRARY = "libc++";
				CLANG_ENABLE_MODULES = YES;
				CLANG_ENABLE_OBJC_ARC = YES;
				CLANG_WARN_BOOL_CONVERSION = YES;
				CLANG_WARN_CONSTANT_CONVERSION = YES;
				CLANG_WARN_DIRECT_OBJC_ISA_USAGE = YES_ERROR;
				CLANG_WARN_DOCUMENTATION_COMMENTS = YES;
				CLANG_WARN_EMPTY_BODY = YES;
				CLANG_WARN_ENUM_CONVERSION = YES;
				CLANG_WARN_INFINITE_RECURSION = YES;
				CLANG_WARN_INT_CONVERSION = YES;
				CLANG_WARN_OBJC_ROOT_CLASS = YES_ERROR;
				CLANG_WARN_SUSPICIOUS_MOVE = YES;
				CLANG_WARN_UNREACHABLE_CODE = YES;
				CLANG_WARN__DUPLICATE_METHOD_MATCH = YES;
				"CODE_SIGN_IDENTITY[sdk=iphoneos*]" = "iPhone Developer";
				COPY_PHASE_STRIP = NO;
				DEBUG_INFORMATION_FORMAT = "dwarf-with-dsym";
				ENABLE_NS_ASSERTIONS = NO;
				ENABLE_STRICT_OBJC_MSGSEND = YES;
				GCC_C_LANGUAGE_STANDARD = gnu99;
				GCC_NO_COMMON_BLOCKS = YES;
				GCC_WARN_64_TO_32_BIT_CONVERSION = YES;
				GCC_WARN_ABOUT_RETURN_TYPE = YES_ERROR;
				GCC_WARN_UNDECLARED_SELECTOR = YES;
				GCC_WARN_UNINITIALIZED_AUTOS = YES_AGGRESSIVE;
				GCC_WARN_UNUSED_FUNCTION = YES;
				GCC_WARN_UNUSED_VARIABLE = YES;
				IPHONEOS_DEPLOYMENT_TARGET = 10.2;
				MTL_ENABLE_DEBUG_INFO = NO;
				SDKROOT = iphoneos;
				SWIFT_OPTIMIZATION_LEVEL = "-Owholemodule";
				TARGETED_DEVICE_FAMILY = "1,2";
				VALIDATE_PRODUCT = YES;
			};
			name = Release;
		};
		1B4789BE1E6ED1AA00031CDB /* Debug */ = {
			isa = XCBuildConfiguration;
			buildSettings = {
				ASSETCATALOG_COMPILER_APPICON_NAME = AppIcon;
				DEVELOPMENT_TEAM = NXBHE32CVP;
				INFOPLIST_FILE = FlickrTest/Info.plist;
				IPHONEOS_DEPLOYMENT_TARGET = 9.0;
				LD_RUNPATH_SEARCH_PATHS = "$(inherited) @executable_path/Frameworks";
				PRODUCT_BUNDLE_IDENTIFIER = app.FlickrTest;
				PRODUCT_NAME = "$(TARGET_NAME)";
				SWIFT_VERSION = 3.0;
			};
			name = Debug;
		};
		1B4789BF1E6ED1AA00031CDB /* Release */ = {
			isa = XCBuildConfiguration;
			buildSettings = {
				ASSETCATALOG_COMPILER_APPICON_NAME = AppIcon;
				DEVELOPMENT_TEAM = NXBHE32CVP;
				INFOPLIST_FILE = FlickrTest/Info.plist;
				IPHONEOS_DEPLOYMENT_TARGET = 9.0;
				LD_RUNPATH_SEARCH_PATHS = "$(inherited) @executable_path/Frameworks";
				PRODUCT_BUNDLE_IDENTIFIER = app.FlickrTest;
				PRODUCT_NAME = "$(TARGET_NAME)";
				SWIFT_VERSION = 3.0;
			};
			name = Release;
		};
/* End XCBuildConfiguration section */

/* Begin XCConfigurationList section */
		1B4789A61E6ED1A900031CDB /* Build configuration list for PBXProject "FlickrTest" */ = {
			isa = XCConfigurationList;
			buildConfigurations = (
				1B4789BB1E6ED1AA00031CDB /* Debug */,
				1B4789BC1E6ED1AA00031CDB /* Release */,
			);
			defaultConfigurationIsVisible = 0;
			defaultConfigurationName = Release;
		};
		1B4789BD1E6ED1AA00031CDB /* Build configuration list for PBXNativeTarget "FlickrTest" */ = {
			isa = XCConfigurationList;
			buildConfigurations = (
				1B4789BE1E6ED1AA00031CDB /* Debug */,
				1B4789BF1E6ED1AA00031CDB /* Release */,
			);
			defaultConfigurationIsVisible = 0;
			defaultConfigurationName = Release;
		};
/* End XCConfigurationList section */
	};
	rootObject = 1B4789A31E6ED1A900031CDB /* Project object */;
}
